
Microsoft Visual Studio Solution File, Format Version 12.00
# Visual Studio Version 17
VisualStudioVersion = 17.5.33530.505
MinimumVisualStudioVersion = 10.0.40219.1
Project("{FAE04EC0-301F-11D3-BF4B-00C04F79EFBC}") = "SmallAPI", "SmallAPI\SmallAPI.csproj", "{15660FF2-5007-4234-89F5-239CD122A70A}"
EndProject
Project("{FAE04EC0-301F-11D3-BF4B-00C04F79EFBC}") = "SmallAPI.Tests", "SmallAPI.Tests\SmallAPI.Tests.csproj", "{796E630C-C331-418C-AA25-CA2D13294B7D}"
EndProject
Global
	GlobalSection(SolutionConfigurationPlatforms) = preSolution
		Debug|Any CPU = Debug|Any CPU
		Release|Any CPU = Release|Any CPU
	EndGlobalSection
	GlobalSection(ProjectConfigurationPlatforms) = postSolution
		{15660FF2-5007-4234-89F5-239CD122A70A}.Debug|Any CPU.ActiveCfg = Debug|Any CPU
		{15660FF2-5007-4234-89F5-239CD122A70A}.Debug|Any CPU.Build.0 = Debug|Any CPU
		{15660FF2-5007-4234-89F5-239CD122A70A}.Release|Any CPU.ActiveCfg = Release|Any CPU
		{15660FF2-5007-4234-89F5-239CD122A70A}.Release|Any CPU.Build.0 = Release|Any CPU
		{796E630C-C331-418C-AA25-CA2D13294B7D}.Debug|Any CPU.ActiveCfg = Debug|Any CPU
		{796E630C-C331-418C-AA25-CA2D13294B7D}.Debug|Any CPU.Build.0 = Debug|Any CPU
		{796E630C-C331-418C-AA25-CA2D13294B7D}.Release|Any CPU.ActiveCfg = Release|Any CPU
		{796E630C-C331-418C-AA25-CA2D13294B7D}.Release|Any CPU.Build.0 = Release|Any CPU
	EndGlobalSection
	GlobalSection(SolutionProperties) = preSolution
		HideSolutionNode = FALSE
	EndGlobalSection
	GlobalSection(ExtensibilityGlobals) = postSolution
		SolutionGuid = {DA886372-9EE2-4BAA-9D64-BBC72E350520}
	EndGlobalSection
EndGlobal
